
Microsoft Visual Studio Solution File, Format Version 12.00
# Visual Studio Version 17
VisualStudioVersion = 17.0.32112.339
MinimumVisualStudioVersion = 10.0.40219.1
Project("{FAE04EC0-301F-11D3-BF4B-00C04F79EFBC}") = "RedocTestProject", "RedocTestProject\RedocTestProject.csproj", "{8B36447F-F309-4F1E-8A46-EA26DCD1E577}"
EndProject
Global
	GlobalSection(SolutionConfigurationPlatforms) = preSolution
		Debug|Any CPU = Debug|Any CPU
		Release|Any CPU = Release|Any CPU
	EndGlobalSection
	GlobalSection(ProjectConfigurationPlatforms) = postSolution
		{8B36447F-F309-4F1E-8A46-EA26DCD1E577}.Debug|Any CPU.ActiveCfg = Debug|Any CPU
		{8B36447F-F309-4F1E-8A46-EA26DCD1E577}.Debug|Any CPU.Build.0 = Debug|Any CPU
		{8B36447F-F309-4F1E-8A46-EA26DCD1E577}.Release|Any CPU.ActiveCfg = Release|Any CPU
		{8B36447F-F309-4F1E-8A46-EA26DCD1E577}.Release|Any CPU.Build.0 = Release|Any CPU
	EndGlobalSection
	GlobalSection(SolutionProperties) = preSolution
		HideSolutionNode = FALSE
	EndGlobalSection
	GlobalSection(ExtensibilityGlobals) = postSolution
		SolutionGuid = {9B4860CB-5227-45E0-9FE5-C07665FBA2B7}
	EndGlobalSection
EndGlobal
